
Microsoft Visual Studio Solution File, Format Version 12.00
# Visual Studio Version 17
VisualStudioVersion = 17.2.32516.85
MinimumVisualStudioVersion = 10.0.40219.1
Project("{FAE04EC0-301F-11D3-BF4B-00C04F79EFBC}") = "Space invaders ♂️right version♂️", "Space invaders ♂️right version♂️\Space invaders ♂️right version♂️.csproj", "{8235D6CA-6D01-4B7B-B55E-82C7E47E7A53}"
EndProject
Global
	GlobalSection(SolutionConfigurationPlatforms) = preSolution
		Debug|Any CPU = Debug|Any CPU
		Release|Any CPU = Release|Any CPU
	EndGlobalSection
	GlobalSection(ProjectConfigurationPlatforms) = postSolution
		{8235D6CA-6D01-4B7B-B55E-82C7E47E7A53}.Debug|Any CPU.ActiveCfg = Debug|Any CPU
		{8235D6CA-6D01-4B7B-B55E-82C7E47E7A53}.Debug|Any CPU.Build.0 = Debug|Any CPU
		{8235D6CA-6D01-4B7B-B55E-82C7E47E7A53}.Release|Any CPU.ActiveCfg = Release|Any CPU
		{8235D6CA-6D01-4B7B-B55E-82C7E47E7A53}.Release|Any CPU.Build.0 = Release|Any CPU
	EndGlobalSection
	GlobalSection(SolutionProperties) = preSolution
		HideSolutionNode = FALSE
	EndGlobalSection
	GlobalSection(ExtensibilityGlobals) = postSolution
		SolutionGuid = {BDE00AD6-1460-4E62-94B3-CA7CB8DEC31F}
	EndGlobalSection
EndGlobal
